// !$*UTF8*$!
{
	archiveVersion = 1;
	classes = {
	};
	objectVersion = 46;
	objects = {

/* Begin PBXBuildFile section */
		782A6DFC1B14AE8800A16785 /* AppDelegate.swift in Sources */ = {isa = PBXBuildFile; fileRef = 782A6DFB1B14AE8800A16785 /* AppDelegate.swift */; };
		782A6DFE1B14AE8800A16785 /* ViewController.swift in Sources */ = {isa = PBXBuildFile; fileRef = 782A6DFD1B14AE8800A16785 /* ViewController.swift */; };
		782A6E011B14AE8800A16785 /* Main.storyboard in Resources */ = {isa = PBXBuildFile; fileRef = 782A6DFF1B14AE8800A16785 /* Main.storyboard */; };
		782A6E031B14AE8800A16785 /* Images.xcassets in Resources */ = {isa = PBXBuildFile; fileRef = 782A6E021B14AE8800A16785 /* Images.xcassets */; };
		782A6E061B14AE8800A16785 /* LaunchScreen.xib in Resources */ = {isa = PBXBuildFile; fileRef = 782A6E041B14AE8800A16785 /* LaunchScreen.xib */; };
		782A6E121B14AE8800A16785 /* Twitter_LoginTests.swift in Sources */ = {isa = PBXBuildFile; fileRef = 782A6E111B14AE8800A16785 /* Twitter_LoginTests.swift */; };
/* End PBXBuildFile section */

/* Begin PBXContainerItemProxy section */
		782A6E0C1B14AE8800A16785 /* PBXContainerItemProxy */ = {
			isa = PBXContainerItemProxy;
			containerPortal = 782A6DEE1B14AE8800A16785 /* Project object */;
			proxyType = 1;
			remoteGlobalIDString = 782A6DF51B14AE8800A16785;
			remoteInfo = "Twitter Login";
		};
/* End PBXContainerItemProxy section */

/* Begin PBXFileReference section */
		782A6DF61B14AE8800A16785 /* Twitter Login.app */ = {isa = PBXFileReference; explicitFileType = wrapper.application; includeInIndex = 0; path = "Twitter Login.app"; sourceTree = BUILT_PRODUCTS_DIR; };
		782A6DFA1B14AE8800A16785 /* Info.plist */ = {isa = PBXFileReference; lastKnownFileType = text.plist.xml; path = Info.plist; sourceTree = "<group>"; };
		782A6DFB1B14AE8800A16785 /* AppDelegate.swift */ = {isa = PBXFileReference; lastKnownFileType = sourcecode.swift; path = AppDelegate.swift; sourceTree = "<group>"; };
		782A6DFD1B14AE8800A16785 /* ViewController.swift */ = {isa = PBXFileReference; lastKnownFileType = sourcecode.swift; path = ViewController.swift; sourceTree = "<group>"; };
		782A6E001B14AE8800A16785 /* Base */ = {isa = PBXFileReference; lastKnownFileType = file.storyboard; name = Base; path = Base.lproj/Main.storyboard; sourceTree = "<group>"; };
		782A6E021B14AE8800A16785 /* Images.xcassets */ = {isa = PBXFileReference; lastKnownFileType = folder.assetcatalog; path = Images.xcassets; sourceTree = "<group>"; };
		782A6E051B14AE8800A16785 /* Base */ = {isa = PBXFileReference; lastKnownFileType = file.xib; name = Base; path = Base.lproj/LaunchScreen.xib; sourceTree = "<group>"; };
		782A6E0B1B14AE8800A16785 /* Twitter LoginTests.xctest */ = {isa = PBXFileReference; explicitFileType = wrapper.cfbundle; includeInIndex = 0; path = "Twitter LoginTests.xctest"; sourceTree = BUILT_PRODUCTS_DIR; };
		782A6E101B14AE8800A16785 /* Info.plist */ = {isa = PBXFileReference; lastKnownFileType = text.plist.xml; path = Info.plist; sourceTree = "<group>"; };
		782A6E111B14AE8800A16785 /* Twitter_LoginTests.swift */ = {isa = PBXFileReference; lastKnownFileType = sourcecode.swift; path = Twitter_LoginTests.swift; sourceTree = "<group>"; };
/* End PBXFileReference section */

/* Begin PBXFrameworksBuildPhase section */
		782A6DF31B14AE8800A16785 /* Frameworks */ = {
			isa = PBXFrameworksBuildPhase;
			buildActionMask = 2147483647;
			files = (
			);
			runOnlyForDeploymentPostprocessing = 0;
		};
		782A6E081B14AE8800A16785 /* Frameworks */ = {
			isa = PBXFrameworksBuildPhase;
			buildActionMask = 2147483647;
			files = (
			);
			runOnlyForDeploymentPostprocessing = 0;
		};
/* End PBXFrameworksBuildPhase section */

/* Begin PBXGroup section */
		782A6DED1B14AE8800A16785 = {
			isa = PBXGroup;
			children = (
				782A6DF81B14AE8800A16785 /* Twitter Login */,
				782A6E0E1B14AE8800A16785 /* Twitter LoginTests */,
				782A6DF71B14AE8800A16785 /* Products */,
			);
			sourceTree = "<group>";
		};
		782A6DF71B14AE8800A16785 /* Products */ = {
			isa = PBXGroup;
			children = (
				782A6DF61B14AE8800A16785 /* Twitter Login.app */,
				782A6E0B1B14AE8800A16785 /* Twitter LoginTests.xctest */,
			);
			name = Products;
			sourceTree = "<group>";
		};
		782A6DF81B14AE8800A16785 /* Twitter Login */ = {
			isa = PBXGroup;
			children = (
				782A6DFB1B14AE8800A16785 /* AppDelegate.swift */,
				782A6DFD1B14AE8800A16785 /* ViewController.swift */,
				782A6DFF1B14AE8800A16785 /* Main.storyboard */,
				782A6E021B14AE8800A16785 /* Images.xcassets */,
				782A6E041B14AE8800A16785 /* LaunchScreen.xib */,
				782A6DF91B14AE8800A16785 /* Supporting Files */,
			);
			path = "Twitter Login";
			sourceTree = "<group>";
		};
		782A6DF91B14AE8800A16785 /* Supporting Files */ = {
			isa = PBXGroup;
			children = (
				782A6DFA1B14AE8800A16785 /* Info.plist */,
			);
			name = "Supporting Files";
			sourceTree = "<group>";
		};
		782A6E0E1B14AE8800A16785 /* Twitter LoginTests */ = {
			isa = PBXGroup;
			children = (
				782A6E111B14AE8800A16785 /* Twitter_LoginTests.swift */,
				782A6E0F1B14AE8800A16785 /* Supporting Files */,
			);
			path = "Twitter LoginTests";
			sourceTree = "<group>";
		};
		782A6E0F1B14AE8800A16785 /* Supporting Files */ = {
			isa = PBXGroup;
			children = (
				782A6E101B14AE8800A16785 /* Info.plist */,
			);
			name = "Supporting Files";
			sourceTree = "<group>";
		};
/* End PBXGroup section */

/* Begin PBXNativeTarget section */
		782A6DF51B14AE8800A16785 /* Twitter Login */ = {
			isa = PBXNativeTarget;
			buildConfigurationList = 782A6E151B14AE8800A16785 /* Build configuration list for PBXNativeTarget "Twitter Login" */;
			buildPhases = (
				782A6DF21B14AE8800A16785 /* Sources */,
				782A6DF31B14AE8800A16785 /* Frameworks */,
				782A6DF41B14AE8800A16785 /* Resources */,
			);
			buildRules = (
			);
			dependencies = (
			);
			name = "Twitter Login";
			productName = "Twitter Login";
			productReference = 782A6DF61B14AE8800A16785 /* Twitter Login.app */;
			productType = "com.apple.product-type.application";
		};
		782A6E0A1B14AE8800A16785 /* Twitter LoginTests */ = {
			isa = PBXNativeTarget;
			buildConfigurationList = 782A6E181B14AE8800A16785 /* Build configuration list for PBXNativeTarget "Twitter LoginTests" */;
			buildPhases = (
				782A6E071B14AE8800A16785 /* Sources */,
				782A6E081B14AE8800A16785 /* Frameworks */,
				782A6E091B14AE8800A16785 /* Resources */,
			);
			buildRules = (
			);
			dependencies = (
				782A6E0D1B14AE8800A16785 /* PBXTargetDependency */,
			);
			name = "Twitter LoginTests";
			productName = "Twitter LoginTests";
			productReference = 782A6E0B1B14AE8800A16785 /* Twitter LoginTests.xctest */;
			productType = "com.apple.product-type.bundle.unit-test";
		};
/* End PBXNativeTarget section */

/* Begin PBXProject section */
		782A6DEE1B14AE8800A16785 /* Project object */ = {
			isa = PBXProject;
			attributes = {
				LastUpgradeCheck = 0630;
				ORGANIZATIONNAME = "Vea Software";
				TargetAttributes = {
					782A6DF51B14AE8800A16785 = {
						CreatedOnToolsVersion = 6.3.2;
					};
					782A6E0A1B14AE8800A16785 = {
						CreatedOnToolsVersion = 6.3.2;
						TestTargetID = 782A6DF51B14AE8800A16785;
					};
				};
			};
			buildConfigurationList = 782A6DF11B14AE8800A16785 /* Build configuration list for PBXProject "Twitter Login" */;
			compatibilityVersion = "Xcode 3.2";
			developmentRegion = English;
			hasScannedForEncodings = 0;
			knownRegions = (
				en,
				Base,
			);
			mainGroup = 782A6DED1B14AE8800A16785;
			productRefGroup = 782A6DF71B14AE8800A16785 /* Products */;
			projectDirPath = "";
			projectRoot = "";
			targets = (
				782A6DF51B14AE8800A16785 /* Twitter Login */,
				782A6E0A1B14AE8800A16785 /* Twitter LoginTests */,
			);
		};
/* End PBXProject section */

/* Begin PBXResourcesBuildPhase section */
		782A6DF41B14AE8800A16785 /* Resources */ = {
			isa = PBXResourcesBuildPhase;
			buildActionMask = 2147483647;
			files = (
				782A6E011B14AE8800A16785 /* Main.storyboard in Resources */,
				782A6E061B14AE8800A16785 /* LaunchScreen.xib in Resources */,
				782A6E031B14AE8800A16785 /* Images.xcassets in Resources */,
			);
			runOnlyForDeploymentPostprocessing = 0;
		};
		782A6E091B14AE8800A16785 /* Resources */ = {
			isa = PBXResourcesBuildPhase;
			buildActionMask = 2147483647;
			files = (
			);
			runOnlyForDeploymentPostprocessing = 0;
		};
/* End PBXResourcesBuildPhase section */

/* Begin PBXSourcesBuildPhase section */
		782A6DF21B14AE8800A16785 /* Sources */ = {
			isa = PBXSourcesBuildPhase;
			buildActionMask = 2147483647;
			files = (
				782A6DFE1B14AE8800A16785 /* ViewController.swift in Sources */,
				782A6DFC1B14AE8800A16785 /* AppDelegate.swift in Sources */,
			);
			runOnlyForDeploymentPostprocessing = 0;
		};
		782A6E071B14AE8800A16785 /* Sources */ = {
			isa = PBXSourcesBuildPhase;
			buildActionMask = 2147483647;
			files = (
				782A6E121B14AE8800A16785 /* Twitter_LoginTests.swift in Sources */,
			);
			runOnlyForDeploymentPostprocessing = 0;
		};
/* End PBXSourcesBuildPhase section */

/* Begin PBXTargetDependency section */
		782A6E0D1B14AE8800A16785 /* PBXTargetDependency */ = {
			isa = PBXTargetDependency;
			target = 782A6DF51B14AE8800A16785 /* Twitter Login */;
			targetProxy = 782A6E0C1B14AE8800A16785 /* PBXContainerItemProxy */;
		};
/* End PBXTargetDependency section */

/* Begin PBXVariantGroup section */
		782A6DFF1B14AE8800A16785 /* Main.storyboard */ = {
			isa = PBXVariantGroup;
			children = (
				782A6E001B14AE8800A16785 /* Base */,
			);
			name = Main.storyboard;
			sourceTree = "<group>";
		};
		782A6E041B14AE8800A16785 /* LaunchScreen.xib */ = {
			isa = PBXVariantGroup;
			children = (
				782A6E051B14AE8800A16785 /* Base */,
			);
			name = LaunchScreen.xib;
			sourceTree = "<group>";
		};
/* End PBXVariantGroup section */

/* Begin XCBuildConfiguration section */
		782A6E131B14AE8800A16785 /* Debug */ = {
			isa = XCBuildConfiguration;
			buildSettings = {
				ALWAYS_SEARCH_USER_PATHS = NO;
				CLANG_CXX_LANGUAGE_STANDARD = "gnu++0x";
				CLANG_CXX_LIBRARY = "libc++";
				CLANG_ENABLE_MODULES = YES;
				CLANG_ENABLE_OBJC_ARC = YES;
				CLANG_WARN_BOOL_CONVERSION = YES;
				CLANG_WARN_CONSTANT_CONVERSION = YES;
				CLANG_WARN_DIRECT_OBJC_ISA_USAGE = YES_ERROR;
				CLANG_WARN_EMPTY_BODY = YES;
				CLANG_WARN_ENUM_CONVERSION = YES;
				CLANG_WARN_INT_CONVERSION = YES;
				CLANG_WARN_OBJC_ROOT_CLASS = YES_ERROR;
				CLANG_WARN_UNREACHABLE_CODE = YES;
				CLANG_WARN__DUPLICATE_METHOD_MATCH = YES;
				"CODE_SIGN_IDENTITY[sdk=iphoneos*]" = "iPhone Developer";
				COPY_PHASE_STRIP = NO;
				DEBUG_INFORMATION_FORMAT = "dwarf-with-dsym";
				ENABLE_STRICT_OBJC_MSGSEND = YES;
				GCC_C_LANGUAGE_STANDARD = gnu99;
				GCC_DYNAMIC_NO_PIC = NO;
				GCC_NO_COMMON_BLOCKS = YES;
				GCC_OPTIMIZATION_LEVEL = 0;
				GCC_PREPROCESSOR_DEFINITIONS = (
					"DEBUG=1",
					"$(inherited)",
				);
				GCC_SYMBOLS_PRIVATE_EXTERN = NO;
				GCC_WARN_64_TO_32_BIT_CONVERSION = YES;
				GCC_WARN_ABOUT_RETURN_TYPE = YES_ERROR;
				GCC_WARN_UNDECLARED_SELECTOR = YES;
				GCC_WARN_UNINITIALIZED_AUTOS = YES_AGGRESSIVE;
				GCC_WARN_UNUSED_FUNCTION = YES;
				GCC_WARN_UNUSED_VARIABLE = YES;
				IPHONEOS_DEPLOYMENT_TARGET = 8.3;
				MTL_ENABLE_DEBUG_INFO = YES;
				ONLY_ACTIVE_ARCH = YES;
				SDKROOT = iphoneos;
				SWIFT_OPTIMIZATION_LEVEL = "-Onone";
			};
			name = Debug;
		};
		782A6E141B14AE8800A16785 /* Release */ = {
			isa = XCBuildConfiguration;
			buildSettings = {
				ALWAYS_SEARCH_USER_PATHS = NO;
				CLANG_CXX_LANGUAGE_STANDARD = "gnu++0x";
				CLANG_CXX_LIBRARY = "libc++";
				CLANG_ENABLE_MODULES = YES;
				CLANG_ENABLE_OBJC_ARC = YES;
				CLANG_WARN_BOOL_CONVERSION = YES;
				CLANG_WARN_CONSTANT_CONVERSION = YES;
				CLANG_WARN_DIRECT_OBJC_ISA_USAGE = YES_ERROR;
				CLANG_WARN_EMPTY_BODY = YES;
				CLANG_WARN_ENUM_CONVERSION = YES;
				CLANG_WARN_INT_CONVERSION = YES;
				CLANG_WARN_OBJC_ROOT_CLASS = YES_ERROR;
				CLANG_WARN_UNREACHABLE_CODE = YES;
				CLANG_WARN__DUPLICATE_METHOD_MATCH = YES;
				"CODE_SIGN_IDENTITY[sdk=iphoneos*]" = "iPhone Developer";
				COPY_PHASE_STRIP = NO;
				DEBUG_INFORMATION_FORMAT = "dwarf-with-dsym";
				ENABLE_NS_ASSERTIONS = NO;
				ENABLE_STRICT_OBJC_MSGSEND = YES;
				GCC_C_LANGUAGE_STANDARD = gnu99;
				GCC_NO_COMMON_BLOCKS = YES;
				GCC_WARN_64_TO_32_BIT_CONVERSION = YES;
				GCC_WARN_ABOUT_RETURN_TYPE = YES_ERROR;
				GCC_WARN_UNDECLARED_SELECTOR = YES;
				GCC_WARN_UNINITIALIZED_AUTOS = YES_AGGRESSIVE;
				GCC_WARN_UNUSED_FUNCTION = YES;
				GCC_WARN_UNUSED_VARIABLE = YES;
				IPHONEOS_DEPLOYMENT_TARGET = 8.3;
				MTL_ENABLE_DEBUG_INFO = NO;
				SDKROOT = iphoneos;
				VALIDATE_PRODUCT = YES;
			};
			name = Release;
		};
		782A6E161B14AE8800A16785 /* Debug */ = {
			isa = XCBuildConfiguration;
			buildSettings = {
				ASSETCATALOG_COMPILER_APPICON_NAME = AppIcon;
				INFOPLIST_FILE = "Twitter Login/Info.plist";
				LD_RUNPATH_SEARCH_PATHS = "$(inherited) @executable_path/Frameworks";
				PRODUCT_NAME = "$(TARGET_NAME)";
			};
			name = Debug;
		};
		782A6E171B14AE8800A16785 /* Release */ = {
			isa = XCBuildConfiguration;
			buildSettings = {
				ASSETCATALOG_COMPILER_APPICON_NAME = AppIcon;
				INFOPLIST_FILE = "Twitter Login/Info.plist";
				LD_RUNPATH_SEARCH_PATHS = "$(inherited) @executable_path/Frameworks";
				PRODUCT_NAME = "$(TARGET_NAME)";
			};
			name = Release;
		};
		782A6E191B14AE8800A16785 /* Debug */ = {
			isa = XCBuildConfiguration;
			buildSettings = {
				BUNDLE_LOADER = "$(TEST_HOST)";
				FRAMEWORK_SEARCH_PATHS = (
					"$(SDKROOT)/Developer/Library/Frameworks",
					"$(inherited)",
				);
				GCC_PREPROCESSOR_DEFINITIONS = (
					"DEBUG=1",
					"$(inherited)",
				);
				INFOPLIST_FILE = "Twitter LoginTests/Info.plist";
				LD_RUNPATH_SEARCH_PATHS = "$(inherited) @executable_path/Frameworks @loader_path/Frameworks";
				PRODUCT_NAME = "$(TARGET_NAME)";
				TEST_HOST = "$(BUILT_PRODUCTS_DIR)/Twitter Login.app/Twitter Login";
			};
			name = Debug;
		};
		782A6E1A1B14AE8800A16785 /* Release */ = {
			isa = XCBuildConfiguration;
			buildSettings = {
				BUNDLE_LOADER = "$(TEST_HOST)";
				FRAMEWORK_SEARCH_PATHS = (
					"$(SDKROOT)/Developer/Library/Frameworks",
					"$(inherited)",
				);
				INFOPLIST_FILE = "Twitter LoginTests/Info.plist";
				LD_RUNPATH_SEARCH_PATHS = "$(inherited) @executable_path/Frameworks @loader_path/Frameworks";
				PRODUCT_NAME = "$(TARGET_NAME)";
				TEST_HOST = "$(BUILT_PRODUCTS_DIR)/Twitter Login.app/Twitter Login";
			};
			name = Release;
		};
/* End XCBuildConfiguration section */

/* Begin XCConfigurationList section */
		782A6DF11B14AE8800A16785 /* Build configuration list for PBXProject "Twitter Login" */ = {
			isa = XCConfigurationList;
			buildConfigurations = (
				782A6E131B14AE8800A16785 /* Debug */,
				782A6E141B14AE8800A16785 /* Release */,
			);
			defaultConfigurationIsVisible = 0;
			defaultConfigurationName = Release;
		};
		782A6E151B14AE8800A16785 /* Build configuration list for PBXNativeTarget "Twitter Login" */ = {
			isa = XCConfigurationList;
			buildConfigurations = (
				782A6E161B14AE8800A16785 /* Debug */,
				782A6E171B14AE8800A16785 /* Release */,
			);
			defaultConfigurationIsVisible = 0;
		};
		782A6E181B14AE8800A16785 /* Build configuration list for PBXNativeTarget "Twitter LoginTests" */ = {
			isa = XCConfigurationList;
			buildConfigurations = (
				782A6E191B14AE8800A16785 /* Debug */,
				782A6E1A1B14AE8800A16785 /* Release */,
			);
			defaultConfigurationIsVisible = 0;
		};
/* End XCConfigurationList section */
	};
	rootObject = 782A6DEE1B14AE8800A16785 /* Project object */;
}
